{
  "name": "openapi-routing",
  "version": "0.1.0",
  "lockfileVersion": 2,
  "requires": true,
  "packages": {
    "": {
      "name": "openapi-routing",
      "version": "0.1.0",
      "license": "MIT",
      "dependencies": {
        "yaml": "2.0.0-10"
      }
    },
    "node_modules/yaml": {
      "version": "2.0.0-10",
      "resolved": "https://registry.npmjs.org/yaml/-/yaml-2.0.0-10.tgz",
      "integrity": "sha512-FHV8s5ODFFQXX/enJEU2EkanNl1UDBUz8oa4k5Qo/sR+Iq7VmhCDkRMb0/mjJCNeAWQ31W8WV6PYStDE4d9EIw==",
      "engines": {
        "node": ">= 12"
      }
    }
  },
  "dependencies": {
    "yaml": {
      "version": "2.0.0-10",
      "resolved": "https://registry.npmjs.org/yaml/-/yaml-2.0.0-10.tgz",
      "integrity": "sha512-FHV8s5ODFFQXX/enJEU2EkanNl1UDBUz8oa4k5Qo/sR+Iq7VmhCDkRMb0/mjJCNeAWQ31W8WV6PYStDE4d9EIw=="
    }
  }
}
